// !$*UTF8*$!
{
	archiveVersion = 1;
	classes = {
	};
	objectVersion = 51;
	objects = {

/* Begin PBXBuildFile section */
		2FA8A1BD24583B2000B1BF88 /* JokesViewControllerTests.swift in Sources */ = {isa = PBXBuildFile; fileRef = 2FA8A1BC24583B2000B1BF88 /* JokesViewControllerTests.swift */; };
		2FEF1FAD2445C96100E9D75D /* AppDelegate.swift in Sources */ = {isa = PBXBuildFile; fileRef = 2FEF1FAC2445C96100E9D75D /* AppDelegate.swift */; };
		2FEF1FAF2445C96100E9D75D /* SceneDelegate.swift in Sources */ = {isa = PBXBuildFile; fileRef = 2FEF1FAE2445C96100E9D75D /* SceneDelegate.swift */; };
		2FEF1FB12445C96100E9D75D /* HomeViewController.swift in Sources */ = {isa = PBXBuildFile; fileRef = 2FEF1FB02445C96100E9D75D /* HomeViewController.swift */; };
		2FEF1FB42445C96100E9D75D /* Main.storyboard in Resources */ = {isa = PBXBuildFile; fileRef = 2FEF1FB22445C96100E9D75D /* Main.storyboard */; };
		2FEF1FB72445C96100E9D75D /* QuarantineApp.xcdatamodeld in Sources */ = {isa = PBXBuildFile; fileRef = 2FEF1FB52445C96100E9D75D /* QuarantineApp.xcdatamodeld */; };
		2FEF1FB92445C96300E9D75D /* Assets.xcassets in Resources */ = {isa = PBXBuildFile; fileRef = 2FEF1FB82445C96300E9D75D /* Assets.xcassets */; };
		2FEF1FBC2445C96300E9D75D /* LaunchScreen.storyboard in Resources */ = {isa = PBXBuildFile; fileRef = 2FEF1FBA2445C96300E9D75D /* LaunchScreen.storyboard */; };
		2FEF1FC72445C96300E9D75D /* QuarantineAppTests.swift in Sources */ = {isa = PBXBuildFile; fileRef = 2FEF1FC62445C96300E9D75D /* QuarantineAppTests.swift */; };
		2FEF1FD22445C96300E9D75D /* QuarantineAppUITests.swift in Sources */ = {isa = PBXBuildFile; fileRef = 2FEF1FD12445C96300E9D75D /* QuarantineAppUITests.swift */; };
		2FEF1FE12445CC6D00E9D75D /* Auth.storyboard in Resources */ = {isa = PBXBuildFile; fileRef = 2FEF1FE02445CC6D00E9D75D /* Auth.storyboard */; };
		2FEF1FE32445CC7900E9D75D /* CovidTracker.storyboard in Resources */ = {isa = PBXBuildFile; fileRef = 2FEF1FE22445CC7900E9D75D /* CovidTracker.storyboard */; };
		2FEF1FE52445CC8200E9D75D /* Profile.storyboard in Resources */ = {isa = PBXBuildFile; fileRef = 2FEF1FE42445CC8200E9D75D /* Profile.storyboard */; };
		2FEF1FE72445CC8800E9D75D /* Community.storyboard in Resources */ = {isa = PBXBuildFile; fileRef = 2FEF1FE62445CC8800E9D75D /* Community.storyboard */; };
		2FF9BEA7244F04D40090195D /* JokeAPI.swift in Sources */ = {isa = PBXBuildFile; fileRef = 2FF9BEA6244F04D40090195D /* JokeAPI.swift */; };
		2FF9BEA9244F04F00090195D /* JokeInfo.swift in Sources */ = {isa = PBXBuildFile; fileRef = 2FF9BEA8244F04F00090195D /* JokeInfo.swift */; };
		2FF9BEAB244F0C040090195D /* Jokes.storyboard in Resources */ = {isa = PBXBuildFile; fileRef = 2FF9BEAA244F0C040090195D /* Jokes.storyboard */; };
		2FF9BEAD244F0D520090195D /* JokesViewController.swift in Sources */ = {isa = PBXBuildFile; fileRef = 2FF9BEAC244F0D520090195D /* JokesViewController.swift */; };
		316D110E8EEB877BF18752CD /* Pods_QuarantineApp.framework in Frameworks */ = {isa = PBXBuildFile; fileRef = 20EEE7C15EB1C194AF61146A /* Pods_QuarantineApp.framework */; };
		535EFEFC35EA2E1324E266C7 /* Pods_QuarantineAppTests.framework in Frameworks */ = {isa = PBXBuildFile; fileRef = A7591915F2A3C74BBCBB474F /* Pods_QuarantineAppTests.framework */; };
		6A13A4F9244706CB00EBC44B /* MenuViewController.swift in Sources */ = {isa = PBXBuildFile; fileRef = 6A13A4F8244706CB00EBC44B /* MenuViewController.swift */; };
		6A13A4FE244712A100EBC44B /* Localizable.strings in Resources */ = {isa = PBXBuildFile; fileRef = 6A13A500244712A100EBC44B /* Localizable.strings */; };
		6A13A5062447163300EBC44B /* LocalizedUILabel.swift in Sources */ = {isa = PBXBuildFile; fileRef = 6A13A5052447163300EBC44B /* LocalizedUILabel.swift */; };
		6A13A50824471BF700EBC44B /* MainTabViewController.swift in Sources */ = {isa = PBXBuildFile; fileRef = 6A13A50724471BF700EBC44B /* MainTabViewController.swift */; };
		6A13A50A24471F0A00EBC44B /* SlideInTransition.swift in Sources */ = {isa = PBXBuildFile; fileRef = 6A13A50924471F0A00EBC44B /* SlideInTransition.swift */; };
		6A13A50E24487E0B00EBC44B /* LocalizedUISegmentedControl.swift in Sources */ = {isa = PBXBuildFile; fileRef = 6A13A50D24487E0B00EBC44B /* LocalizedUISegmentedControl.swift */; };
		6A13A5112448D53100EBC44B /* ItemTableViewCell.swift in Sources */ = {isa = PBXBuildFile; fileRef = 6A13A5102448D53100EBC44B /* ItemTableViewCell.swift */; };
		6A13A5132448D56E00EBC44B /* TopItemTableViewCell.swift in Sources */ = {isa = PBXBuildFile; fileRef = 6A13A5122448D56E00EBC44B /* TopItemTableViewCell.swift */; };
		6A13A5172449858E00EBC44B /* .gitignore in Resources */ = {isa = PBXBuildFile; fileRef = 6A13A5162449858E00EBC44B /* .gitignore */; };
		6A13A5192449C6DD00EBC44B /* LoginViewController.swift in Sources */ = {isa = PBXBuildFile; fileRef = 6A13A5182449C6DD00EBC44B /* LoginViewController.swift */; };
		6A13A51B2449C6E800EBC44B /* RegisterViewController.swift in Sources */ = {isa = PBXBuildFile; fileRef = 6A13A51A2449C6E800EBC44B /* RegisterViewController.swift */; };
		6A13A5252450440A00EBC44B /* NetflixAPI.swift in Sources */ = {isa = PBXBuildFile; fileRef = 6A13A5242450440A00EBC44B /* NetflixAPI.swift */; };
		6A13A5272450464E00EBC44B /* NetflixInfo.swift in Sources */ = {isa = PBXBuildFile; fileRef = 6A13A5262450464E00EBC44B /* NetflixInfo.swift */; };
		6A1899512445E12A0038784B /* GoogleService-Info.plist in Resources */ = {isa = PBXBuildFile; fileRef = 6A1899502445E12A0038784B /* GoogleService-Info.plist */; };
		6A189953244875EB0038784B /* CovidAPI.swift in Sources */ = {isa = PBXBuildFile; fileRef = 6A189952244875EB0038784B /* CovidAPI.swift */; };
		6A189955244876570038784B /* CovidData.swift in Sources */ = {isa = PBXBuildFile; fileRef = 6A189954244876570038784B /* CovidData.swift */; };
		6A3F98572450427A00470B84 /* SteamData.swift in Sources */ = {isa = PBXBuildFile; fileRef = 6A3F98562450427A00470B84 /* SteamData.swift */; };
		6A3F98592450985300470B84 /* SteamAPI.swift in Sources */ = {isa = PBXBuildFile; fileRef = 6A3F98582450985300470B84 /* SteamAPI.swift */; };
		6A47BF582448C0BA00233528 /* ReviewCategoryTableViewCell.swift in Sources */ = {isa = PBXBuildFile; fileRef = 6A47BF572448C0BA00233528 /* ReviewCategoryTableViewCell.swift */; };
		6A47BF5A2448C1DC00233528 /* ReviewCategoryTableViewController.swift in Sources */ = {isa = PBXBuildFile; fileRef = 6A47BF592448C1DC00233528 /* ReviewCategoryTableViewController.swift */; };
		6A47BF5C2448C1F600233528 /* ReviewCategory.swift in Sources */ = {isa = PBXBuildFile; fileRef = 6A47BF5B2448C1F600233528 /* ReviewCategory.swift */; };
		6A47BF5E2448CBBE00233528 /* CommunityGroupTableViewCell.swift in Sources */ = {isa = PBXBuildFile; fileRef = 6A47BF5D2448CBBE00233528 /* CommunityGroupTableViewCell.swift */; };
		6A47BF602448CC4300233528 /* CommunityGroupTableViewController.swift in Sources */ = {isa = PBXBuildFile; fileRef = 6A47BF5F2448CC4300233528 /* CommunityGroupTableViewController.swift */; };
		6A47BF622448CC5500233528 /* CommunityGroup.swift in Sources */ = {isa = PBXBuildFile; fileRef = 6A47BF612448CC5500233528 /* CommunityGroup.swift */; };
		6AB111D02446038800B02BD8 /* CommunityViewController.swift in Sources */ = {isa = PBXBuildFile; fileRef = 6AB111CF2446038800B02BD8 /* CommunityViewController.swift */; };
		6ACA8E072446068700B9339C /* CovidTrackerViewController.swift in Sources */ = {isa = PBXBuildFile; fileRef = 6ACA8E062446068700B9339C /* CovidTrackerViewController.swift */; };
		6ACA8E092446076B00B9339C /* ProfileViewController.swift in Sources */ = {isa = PBXBuildFile; fileRef = 6ACA8E082446076B00B9339C /* ProfileViewController.swift */; };
		6ACDB3122450B51900B53BBE /* UserReviewTableViewCell.swift in Sources */ = {isa = PBXBuildFile; fileRef = 6ACDB3112450B51900B53BBE /* UserReviewTableViewCell.swift */; };
		6ACDB3142450B5CD00B53BBE /* UserReviewsTableViewController.swift in Sources */ = {isa = PBXBuildFile; fileRef = 6ACDB3132450B5CD00B53BBE /* UserReviewsTableViewController.swift */; };
		6ACDB3162450B5DF00B53BBE /* UserReview.swift in Sources */ = {isa = PBXBuildFile; fileRef = 6ACDB3152450B5DF00B53BBE /* UserReview.swift */; };
		6ACDB3182451947200B53BBE /* CreateReviewViewController.swift in Sources */ = {isa = PBXBuildFile; fileRef = 6ACDB3172451947200B53BBE /* CreateReviewViewController.swift */; };
		DE48BCAD043D3448B87D3219 /* Pods_QuarantineApp_QuarantineAppUITests.framework in Frameworks */ = {isa = PBXBuildFile; fileRef = EE699EE72ABF7C9343C047B6 /* Pods_QuarantineApp_QuarantineAppUITests.framework */; };
/* End PBXBuildFile section */

/* Begin PBXContainerItemProxy section */
		2FA8A1B624582E7F00B1BF88 /* PBXContainerItemProxy */ = {
			isa = PBXContainerItemProxy;
			containerPortal = 2FEF1FA12445C96100E9D75D /* Project object */;
			proxyType = 1;
			remoteGlobalIDString = 2FEF1FA82445C96100E9D75D;
			remoteInfo = QuarantineApp;
		};
		2FEF1FC32445C96300E9D75D /* PBXContainerItemProxy */ = {
			isa = PBXContainerItemProxy;
			containerPortal = 2FEF1FA12445C96100E9D75D /* Project object */;
			proxyType = 1;
			remoteGlobalIDString = 2FEF1FA82445C96100E9D75D;
			remoteInfo = QuarantineApp;
		};
		2FEF1FCE2445C96300E9D75D /* PBXContainerItemProxy */ = {
			isa = PBXContainerItemProxy;
			containerPortal = 2FEF1FA12445C96100E9D75D /* Project object */;
			proxyType = 1;
			remoteGlobalIDString = 2FEF1FA82445C96100E9D75D;
			remoteInfo = QuarantineApp;
		};
/* End PBXContainerItemProxy section */

/* Begin PBXFileReference section */
		0C75F4C655857B18E7F9E2B3 /* Pods-QuarantineApp.debug.xcconfig */ = {isa = PBXFileReference; includeInIndex = 1; lastKnownFileType = text.xcconfig; name = "Pods-QuarantineApp.debug.xcconfig"; path = "Target Support Files/Pods-QuarantineApp/Pods-QuarantineApp.debug.xcconfig"; sourceTree = "<group>"; };
		20EEE7C15EB1C194AF61146A /* Pods_QuarantineApp.framework */ = {isa = PBXFileReference; explicitFileType = wrapper.framework; includeInIndex = 0; path = Pods_QuarantineApp.framework; sourceTree = BUILT_PRODUCTS_DIR; };
		24A7103EC4B655441D45D715 /* Pods-QuarantineAppTests.release.xcconfig */ = {isa = PBXFileReference; includeInIndex = 1; lastKnownFileType = text.xcconfig; name = "Pods-QuarantineAppTests.release.xcconfig"; path = "Target Support Files/Pods-QuarantineAppTests/Pods-QuarantineAppTests.release.xcconfig"; sourceTree = "<group>"; };
		2FA8A1B124582E7F00B1BF88 /* CommunityQuarantineAppUITests.xctest */ = {isa = PBXFileReference; explicitFileType = wrapper.cfbundle; includeInIndex = 0; path = CommunityQuarantineAppUITests.xctest; sourceTree = BUILT_PRODUCTS_DIR; };
		2FA8A1BC24583B2000B1BF88 /* JokesViewControllerTests.swift */ = {isa = PBXFileReference; lastKnownFileType = sourcecode.swift; path = JokesViewControllerTests.swift; sourceTree = "<group>"; };
		2FEF1FA92445C96100E9D75D /* QuarantineApp.app */ = {isa = PBXFileReference; explicitFileType = wrapper.application; includeInIndex = 0; path = QuarantineApp.app; sourceTree = BUILT_PRODUCTS_DIR; };
		2FEF1FAC2445C96100E9D75D /* AppDelegate.swift */ = {isa = PBXFileReference; lastKnownFileType = sourcecode.swift; path = AppDelegate.swift; sourceTree = "<group>"; };
		2FEF1FAE2445C96100E9D75D /* SceneDelegate.swift */ = {isa = PBXFileReference; lastKnownFileType = sourcecode.swift; path = SceneDelegate.swift; sourceTree = "<group>"; };
		2FEF1FB02445C96100E9D75D /* HomeViewController.swift */ = {isa = PBXFileReference; lastKnownFileType = sourcecode.swift; path = HomeViewController.swift; sourceTree = "<group>"; };
		2FEF1FB32445C96100E9D75D /* Base */ = {isa = PBXFileReference; lastKnownFileType = file.storyboard; name = Base; path = Base.lproj/Main.storyboard; sourceTree = "<group>"; };
		2FEF1FB62445C96100E9D75D /* QuarantineApp.xcdatamodel */ = {isa = PBXFileReference; lastKnownFileType = wrapper.xcdatamodel; path = QuarantineApp.xcdatamodel; sourceTree = "<group>"; };
		2FEF1FB82445C96300E9D75D /* Assets.xcassets */ = {isa = PBXFileReference; lastKnownFileType = folder.assetcatalog; path = Assets.xcassets; sourceTree = "<group>"; };
		2FEF1FBB2445C96300E9D75D /* Base */ = {isa = PBXFileReference; lastKnownFileType = file.storyboard; name = Base; path = Base.lproj/LaunchScreen.storyboard; sourceTree = "<group>"; };
		2FEF1FBD2445C96300E9D75D /* Info.plist */ = {isa = PBXFileReference; lastKnownFileType = text.plist.xml; path = Info.plist; sourceTree = "<group>"; };
		2FEF1FC22445C96300E9D75D /* QuarantineAppTests.xctest */ = {isa = PBXFileReference; explicitFileType = wrapper.cfbundle; includeInIndex = 0; path = QuarantineAppTests.xctest; sourceTree = BUILT_PRODUCTS_DIR; };
		2FEF1FC62445C96300E9D75D /* QuarantineAppTests.swift */ = {isa = PBXFileReference; lastKnownFileType = sourcecode.swift; path = QuarantineAppTests.swift; sourceTree = "<group>"; };
		2FEF1FC82445C96300E9D75D /* Info.plist */ = {isa = PBXFileReference; lastKnownFileType = text.plist.xml; path = Info.plist; sourceTree = "<group>"; };
		2FEF1FCD2445C96300E9D75D /* QuarantineAppUITests.xctest */ = {isa = PBXFileReference; explicitFileType = wrapper.cfbundle; includeInIndex = 0; path = QuarantineAppUITests.xctest; sourceTree = BUILT_PRODUCTS_DIR; };
		2FEF1FD12445C96300E9D75D /* QuarantineAppUITests.swift */ = {isa = PBXFileReference; lastKnownFileType = sourcecode.swift; path = QuarantineAppUITests.swift; sourceTree = "<group>"; };
		2FEF1FD32445C96300E9D75D /* Info.plist */ = {isa = PBXFileReference; lastKnownFileType = text.plist.xml; path = Info.plist; sourceTree = "<group>"; };
		2FEF1FE02445CC6D00E9D75D /* Auth.storyboard */ = {isa = PBXFileReference; lastKnownFileType = file.storyboard; path = Auth.storyboard; sourceTree = "<group>"; };
		2FEF1FE22445CC7900E9D75D /* CovidTracker.storyboard */ = {isa = PBXFileReference; lastKnownFileType = file.storyboard; path = CovidTracker.storyboard; sourceTree = "<group>"; };
		2FEF1FE42445CC8200E9D75D /* Profile.storyboard */ = {isa = PBXFileReference; lastKnownFileType = file.storyboard; path = Profile.storyboard; sourceTree = "<group>"; };
		2FEF1FE62445CC8800E9D75D /* Community.storyboard */ = {isa = PBXFileReference; lastKnownFileType = file.storyboard; path = Community.storyboard; sourceTree = "<group>"; };
		2FF9BEA6244F04D40090195D /* JokeAPI.swift */ = {isa = PBXFileReference; lastKnownFileType = sourcecode.swift; path = JokeAPI.swift; sourceTree = "<group>"; };
		2FF9BEA8244F04F00090195D /* JokeInfo.swift */ = {isa = PBXFileReference; lastKnownFileType = sourcecode.swift; path = JokeInfo.swift; sourceTree = "<group>"; };
		2FF9BEAA244F0C040090195D /* Jokes.storyboard */ = {isa = PBXFileReference; lastKnownFileType = file.storyboard; path = Jokes.storyboard; sourceTree = "<group>"; };
		2FF9BEAC244F0D520090195D /* JokesViewController.swift */ = {isa = PBXFileReference; lastKnownFileType = sourcecode.swift; path = JokesViewController.swift; sourceTree = "<group>"; };
		40D39FC0B2100AC966CA0CD6 /* Pods-QuarantineAppTests.debug.xcconfig */ = {isa = PBXFileReference; includeInIndex = 1; lastKnownFileType = text.xcconfig; name = "Pods-QuarantineAppTests.debug.xcconfig"; path = "Target Support Files/Pods-QuarantineAppTests/Pods-QuarantineAppTests.debug.xcconfig"; sourceTree = "<group>"; };
		5FE8B587D03D97857D8FDC78 /* Pods-QuarantineApp-QuarantineAppUITests.debug.xcconfig */ = {isa = PBXFileReference; includeInIndex = 1; lastKnownFileType = text.xcconfig; name = "Pods-QuarantineApp-QuarantineAppUITests.debug.xcconfig"; path = "Target Support Files/Pods-QuarantineApp-QuarantineAppUITests/Pods-QuarantineApp-QuarantineAppUITests.debug.xcconfig"; sourceTree = "<group>"; };
		635A1F7B5C71E5CA072E9E15 /* Pods-QuarantineApp.release.xcconfig */ = {isa = PBXFileReference; includeInIndex = 1; lastKnownFileType = text.xcconfig; name = "Pods-QuarantineApp.release.xcconfig"; path = "Target Support Files/Pods-QuarantineApp/Pods-QuarantineApp.release.xcconfig"; sourceTree = "<group>"; };
		6A13A4F8244706CB00EBC44B /* MenuViewController.swift */ = {isa = PBXFileReference; lastKnownFileType = sourcecode.swift; path = MenuViewController.swift; sourceTree = "<group>"; };
		6A13A4FA24470FC100EBC44B /* fi */ = {isa = PBXFileReference; lastKnownFileType = text.plist.strings; name = fi; path = fi.lproj/Main.strings; sourceTree = "<group>"; };
		6A13A4FB24470FC200EBC44B /* fi */ = {isa = PBXFileReference; lastKnownFileType = text.plist.strings; name = fi; path = fi.lproj/LaunchScreen.strings; sourceTree = "<group>"; };
		6A13A4FF244712A100EBC44B /* fi */ = {isa = PBXFileReference; lastKnownFileType = text.plist.strings; name = fi; path = fi.lproj/Localizable.strings; sourceTree = "<group>"; };
		6A13A501244712B800EBC44B /* en */ = {isa = PBXFileReference; lastKnownFileType = text.plist.strings; name = en; path = en.lproj/Localizable.strings; sourceTree = "<group>"; };
		6A13A5052447163300EBC44B /* LocalizedUILabel.swift */ = {isa = PBXFileReference; lastKnownFileType = sourcecode.swift; path = LocalizedUILabel.swift; sourceTree = "<group>"; };
		6A13A50724471BF700EBC44B /* MainTabViewController.swift */ = {isa = PBXFileReference; lastKnownFileType = sourcecode.swift; path = MainTabViewController.swift; sourceTree = "<group>"; };
		6A13A50924471F0A00EBC44B /* SlideInTransition.swift */ = {isa = PBXFileReference; lastKnownFileType = sourcecode.swift; path = SlideInTransition.swift; sourceTree = "<group>"; };
		6A13A50C24487CC600EBC44B /* en */ = {isa = PBXFileReference; lastKnownFileType = text.plist.strings; name = en; path = en.lproj/Main.strings; sourceTree = "<group>"; };
		6A13A50D24487E0B00EBC44B /* LocalizedUISegmentedControl.swift */ = {isa = PBXFileReference; lastKnownFileType = sourcecode.swift; path = LocalizedUISegmentedControl.swift; sourceTree = "<group>"; };
		6A13A5102448D53100EBC44B /* ItemTableViewCell.swift */ = {isa = PBXFileReference; lastKnownFileType = sourcecode.swift; path = ItemTableViewCell.swift; sourceTree = "<group>"; };
		6A13A5122448D56E00EBC44B /* TopItemTableViewCell.swift */ = {isa = PBXFileReference; lastKnownFileType = sourcecode.swift; path = TopItemTableViewCell.swift; sourceTree = "<group>"; };
		6A13A5162449858E00EBC44B /* .gitignore */ = {isa = PBXFileReference; lastKnownFileType = text; path = .gitignore; sourceTree = "<group>"; };
		6A13A5182449C6DD00EBC44B /* LoginViewController.swift */ = {isa = PBXFileReference; lastKnownFileType = sourcecode.swift; path = LoginViewController.swift; sourceTree = "<group>"; };
		6A13A51A2449C6E800EBC44B /* RegisterViewController.swift */ = {isa = PBXFileReference; lastKnownFileType = sourcecode.swift; path = RegisterViewController.swift; sourceTree = "<group>"; };
		6A13A5242450440A00EBC44B /* NetflixAPI.swift */ = {isa = PBXFileReference; lastKnownFileType = sourcecode.swift; path = NetflixAPI.swift; sourceTree = "<group>"; };
		6A13A5262450464E00EBC44B /* NetflixInfo.swift */ = {isa = PBXFileReference; lastKnownFileType = sourcecode.swift; path = NetflixInfo.swift; sourceTree = "<group>"; };
		6A1899502445E12A0038784B /* GoogleService-Info.plist */ = {isa = PBXFileReference; fileEncoding = 4; lastKnownFileType = text.plist.xml; path = "GoogleService-Info.plist"; sourceTree = "<group>"; };
		6A189952244875EB0038784B /* CovidAPI.swift */ = {isa = PBXFileReference; lastKnownFileType = sourcecode.swift; path = CovidAPI.swift; sourceTree = "<group>"; };
		6A189954244876570038784B /* CovidData.swift */ = {isa = PBXFileReference; lastKnownFileType = sourcecode.swift; path = CovidData.swift; sourceTree = "<group>"; };
		6A3F98562450427A00470B84 /* SteamData.swift */ = {isa = PBXFileReference; lastKnownFileType = sourcecode.swift; path = SteamData.swift; sourceTree = "<group>"; };
		6A3F98582450985300470B84 /* SteamAPI.swift */ = {isa = PBXFileReference; lastKnownFileType = sourcecode.swift; path = SteamAPI.swift; sourceTree = "<group>"; };
		6A47BF572448C0BA00233528 /* ReviewCategoryTableViewCell.swift */ = {isa = PBXFileReference; lastKnownFileType = sourcecode.swift; name = ReviewCategoryTableViewCell.swift; path = QuarantineApp/Controller/ReviewCategoryTableViewCell.swift; sourceTree = SOURCE_ROOT; };
		6A47BF592448C1DC00233528 /* ReviewCategoryTableViewController.swift */ = {isa = PBXFileReference; lastKnownFileType = sourcecode.swift; path = ReviewCategoryTableViewController.swift; sourceTree = "<group>"; };
		6A47BF5B2448C1F600233528 /* ReviewCategory.swift */ = {isa = PBXFileReference; lastKnownFileType = sourcecode.swift; path = ReviewCategory.swift; sourceTree = "<group>"; };
		6A47BF5D2448CBBE00233528 /* CommunityGroupTableViewCell.swift */ = {isa = PBXFileReference; lastKnownFileType = sourcecode.swift; name = CommunityGroupTableViewCell.swift; path = QuarantineApp/Controller/CommunityGroupTableViewCell.swift; sourceTree = SOURCE_ROOT; };
		6A47BF5F2448CC4300233528 /* CommunityGroupTableViewController.swift */ = {isa = PBXFileReference; lastKnownFileType = sourcecode.swift; path = CommunityGroupTableViewController.swift; sourceTree = "<group>"; };
		6A47BF612448CC5500233528 /* CommunityGroup.swift */ = {isa = PBXFileReference; lastKnownFileType = sourcecode.swift; path = CommunityGroup.swift; sourceTree = "<group>"; };
		6AB111CF2446038800B02BD8 /* CommunityViewController.swift */ = {isa = PBXFileReference; lastKnownFileType = sourcecode.swift; path = CommunityViewController.swift; sourceTree = "<group>"; };
		6ACA8E062446068700B9339C /* CovidTrackerViewController.swift */ = {isa = PBXFileReference; lastKnownFileType = sourcecode.swift; path = CovidTrackerViewController.swift; sourceTree = "<group>"; };
		6ACA8E082446076B00B9339C /* ProfileViewController.swift */ = {isa = PBXFileReference; lastKnownFileType = sourcecode.swift; path = ProfileViewController.swift; sourceTree = "<group>"; };
		6ACDB3112450B51900B53BBE /* UserReviewTableViewCell.swift */ = {isa = PBXFileReference; lastKnownFileType = sourcecode.swift; path = UserReviewTableViewCell.swift; sourceTree = "<group>"; };
		6ACDB3132450B5CD00B53BBE /* UserReviewsTableViewController.swift */ = {isa = PBXFileReference; lastKnownFileType = sourcecode.swift; path = UserReviewsTableViewController.swift; sourceTree = "<group>"; };
		6ACDB3152450B5DF00B53BBE /* UserReview.swift */ = {isa = PBXFileReference; lastKnownFileType = sourcecode.swift; path = UserReview.swift; sourceTree = "<group>"; };
		6ACDB3172451947200B53BBE /* CreateReviewViewController.swift */ = {isa = PBXFileReference; lastKnownFileType = sourcecode.swift; path = CreateReviewViewController.swift; sourceTree = "<group>"; };
		A7591915F2A3C74BBCBB474F /* Pods_QuarantineAppTests.framework */ = {isa = PBXFileReference; explicitFileType = wrapper.framework; includeInIndex = 0; path = Pods_QuarantineAppTests.framework; sourceTree = BUILT_PRODUCTS_DIR; };
		D7147EC4EBA19A0C7E6A32B9 /* Pods-QuarantineApp-QuarantineAppUITests.release.xcconfig */ = {isa = PBXFileReference; includeInIndex = 1; lastKnownFileType = text.xcconfig; name = "Pods-QuarantineApp-QuarantineAppUITests.release.xcconfig"; path = "Target Support Files/Pods-QuarantineApp-QuarantineAppUITests/Pods-QuarantineApp-QuarantineAppUITests.release.xcconfig"; sourceTree = "<group>"; };
		EE699EE72ABF7C9343C047B6 /* Pods_QuarantineApp_QuarantineAppUITests.framework */ = {isa = PBXFileReference; explicitFileType = wrapper.framework; includeInIndex = 0; path = Pods_QuarantineApp_QuarantineAppUITests.framework; sourceTree = BUILT_PRODUCTS_DIR; };
/* End PBXFileReference section */

/* Begin PBXFrameworksBuildPhase section */
		2FA8A1AE24582E7F00B1BF88 /* Frameworks */ = {
			isa = PBXFrameworksBuildPhase;
			buildActionMask = 2147483647;
			files = (
			);
			runOnlyForDeploymentPostprocessing = 0;
		};
		2FEF1FA62445C96100E9D75D /* Frameworks */ = {
			isa = PBXFrameworksBuildPhase;
			buildActionMask = 2147483647;
			files = (
				316D110E8EEB877BF18752CD /* Pods_QuarantineApp.framework in Frameworks */,
			);
			runOnlyForDeploymentPostprocessing = 0;
		};
		2FEF1FBF2445C96300E9D75D /* Frameworks */ = {
			isa = PBXFrameworksBuildPhase;
			buildActionMask = 2147483647;
			files = (
				535EFEFC35EA2E1324E266C7 /* Pods_QuarantineAppTests.framework in Frameworks */,
			);
			runOnlyForDeploymentPostprocessing = 0;
		};
		2FEF1FCA2445C96300E9D75D /* Frameworks */ = {
			isa = PBXFrameworksBuildPhase;
			buildActionMask = 2147483647;
			files = (
				DE48BCAD043D3448B87D3219 /* Pods_QuarantineApp_QuarantineAppUITests.framework in Frameworks */,
			);
			runOnlyForDeploymentPostprocessing = 0;
		};
/* End PBXFrameworksBuildPhase section */

/* Begin PBXGroup section */
		2FEF1FA02445C96100E9D75D = {
			isa = PBXGroup;
			children = (
				2FEF1FAB2445C96100E9D75D /* QuarantineApp */,
				2FEF1FC52445C96300E9D75D /* QuarantineAppTests */,
				2FEF1FD02445C96300E9D75D /* QuarantineAppUITests */,
				2FEF1FAA2445C96100E9D75D /* Products */,
				F5BC02871B911BB423CBB059 /* Pods */,
				B065EFD3B91A7EA6545A7169 /* Frameworks */,
			);
			sourceTree = "<group>";
		};
		2FEF1FAA2445C96100E9D75D /* Products */ = {
			isa = PBXGroup;
			children = (
				2FEF1FA92445C96100E9D75D /* QuarantineApp.app */,
				2FEF1FC22445C96300E9D75D /* QuarantineAppTests.xctest */,
				2FEF1FCD2445C96300E9D75D /* QuarantineAppUITests.xctest */,
				2FA8A1B124582E7F00B1BF88 /* CommunityQuarantineAppUITests.xctest */,
			);
			name = Products;
			sourceTree = "<group>";
		};
		2FEF1FAB2445C96100E9D75D /* QuarantineApp */ = {
			isa = PBXGroup;
			children = (
				6A13A50F2448956500EBC44B /* Localization */,
				6A13A5042447161200EBC44B /* Utils */,
				6A13A5032447160D00EBC44B /* View */,
				6A13A5022447160300EBC44B /* Model */,
				6A13A4F3244700DD00EBC44B /* Controller */,
				2FEF1FDF2445CC5800E9D75D /* Storyboards */,
				2FEF1FAC2445C96100E9D75D /* AppDelegate.swift */,
				2FEF1FAE2445C96100E9D75D /* SceneDelegate.swift */,
				2FEF1FB82445C96300E9D75D /* Assets.xcassets */,
				2FEF1FBA2445C96300E9D75D /* LaunchScreen.storyboard */,
				2FEF1FBD2445C96300E9D75D /* Info.plist */,
				6A1899502445E12A0038784B /* GoogleService-Info.plist */,
				6A13A5162449858E00EBC44B /* .gitignore */,
			);
			path = QuarantineApp;
			sourceTree = "<group>";
		};
		2FEF1FC52445C96300E9D75D /* QuarantineAppTests */ = {
			isa = PBXGroup;
			children = (
				2FEF1FC62445C96300E9D75D /* QuarantineAppTests.swift */,
				2FEF1FC82445C96300E9D75D /* Info.plist */,
				2FA8A1BC24583B2000B1BF88 /* JokesViewControllerTests.swift */,
			);
			path = QuarantineAppTests;
			sourceTree = "<group>";
		};
		2FEF1FD02445C96300E9D75D /* QuarantineAppUITests */ = {
			isa = PBXGroup;
			children = (
				2FEF1FD12445C96300E9D75D /* QuarantineAppUITests.swift */,
				2FEF1FD32445C96300E9D75D /* Info.plist */,
			);
			path = QuarantineAppUITests;
			sourceTree = "<group>";
		};
		2FEF1FDF2445CC5800E9D75D /* Storyboards */ = {
			isa = PBXGroup;
			children = (
				2FEF1FB22445C96100E9D75D /* Main.storyboard */,
				2FEF1FE02445CC6D00E9D75D /* Auth.storyboard */,
				2FEF1FE22445CC7900E9D75D /* CovidTracker.storyboard */,
				2FEF1FE42445CC8200E9D75D /* Profile.storyboard */,
				2FEF1FE62445CC8800E9D75D /* Community.storyboard */,
				2FF9BEAA244F0C040090195D /* Jokes.storyboard */,
			);
			path = Storyboards;
			sourceTree = "<group>";
		};
		6A13A4F3244700DD00EBC44B /* Controller */ = {
			isa = PBXGroup;
			children = (
				6ACDB3112450B51900B53BBE /* UserReviewTableViewCell.swift */,
				2FEF1FB02445C96100E9D75D /* HomeViewController.swift */,
				2FF9BEA6244F04D40090195D /* JokeAPI.swift */,
				2FF9BEAC244F0D520090195D /* JokesViewController.swift */,
				2FF9BEA8244F04F00090195D /* JokeInfo.swift */,
				6AB111CF2446038800B02BD8 /* CommunityViewController.swift */,
				6ACA8E062446068700B9339C /* CovidTrackerViewController.swift */,
				6A189952244875EB0038784B /* CovidAPI.swift */,
				6A189954244876570038784B /* CovidData.swift */,
				6ACA8E082446076B00B9339C /* ProfileViewController.swift */,
				6A13A4F8244706CB00EBC44B /* MenuViewController.swift */,
				6A13A50724471BF700EBC44B /* MainTabViewController.swift */,
				6A47BF572448C0BA00233528 /* ReviewCategoryTableViewCell.swift */,
				6A47BF592448C1DC00233528 /* ReviewCategoryTableViewController.swift */,
				6A47BF5D2448CBBE00233528 /* CommunityGroupTableViewCell.swift */,
				6A47BF5F2448CC4300233528 /* CommunityGroupTableViewController.swift */,
				6A13A5102448D53100EBC44B /* ItemTableViewCell.swift */,
				6A13A5122448D56E00EBC44B /* TopItemTableViewCell.swift */,
				6A13A5182449C6DD00EBC44B /* LoginViewController.swift */,
				6A13A51A2449C6E800EBC44B /* RegisterViewController.swift */,
				6ACDB3132450B5CD00B53BBE /* UserReviewsTableViewController.swift */,
				6ACDB3172451947200B53BBE /* CreateReviewViewController.swift */,
				6A13A5242450440A00EBC44B /* NetflixAPI.swift */,
				6A13A5262450464E00EBC44B /* NetflixInfo.swift */,
				6A3F98562450427A00470B84 /* SteamData.swift */,
				6A3F98582450985300470B84 /* SteamAPI.swift */,
			);
			path = Controller;
			sourceTree = "<group>";
		};
		6A13A5022447160300EBC44B /* Model */ = {
			isa = PBXGroup;
			children = (
				2FEF1FB52445C96100E9D75D /* QuarantineApp.xcdatamodeld */,
				6A47BF5B2448C1F600233528 /* ReviewCategory.swift */,
				6A47BF612448CC5500233528 /* CommunityGroup.swift */,
				6ACDB3152450B5DF00B53BBE /* UserReview.swift */,
			);
			path = Model;
			sourceTree = "<group>";
		};
		6A13A5032447160D00EBC44B /* View */ = {
			isa = PBXGroup;
			children = (
			);
			path = View;
			sourceTree = "<group>";
		};
		6A13A5042447161200EBC44B /* Utils */ = {
			isa = PBXGroup;
			children = (
				6A13A50924471F0A00EBC44B /* SlideInTransition.swift */,
			);
			path = Utils;
			sourceTree = "<group>";
		};
		6A13A50F2448956500EBC44B /* Localization */ = {
			isa = PBXGroup;
			children = (
				6A13A500244712A100EBC44B /* Localizable.strings */,
				6A13A5052447163300EBC44B /* LocalizedUILabel.swift */,
				6A13A50D24487E0B00EBC44B /* LocalizedUISegmentedControl.swift */,
			);
			path = Localization;
			sourceTree = "<group>";
		};
		B065EFD3B91A7EA6545A7169 /* Frameworks */ = {
			isa = PBXGroup;
			children = (
				20EEE7C15EB1C194AF61146A /* Pods_QuarantineApp.framework */,
				EE699EE72ABF7C9343C047B6 /* Pods_QuarantineApp_QuarantineAppUITests.framework */,
				A7591915F2A3C74BBCBB474F /* Pods_QuarantineAppTests.framework */,
			);
			name = Frameworks;
			sourceTree = "<group>";
		};
		F5BC02871B911BB423CBB059 /* Pods */ = {
			isa = PBXGroup;
			children = (
				0C75F4C655857B18E7F9E2B3 /* Pods-QuarantineApp.debug.xcconfig */,
				635A1F7B5C71E5CA072E9E15 /* Pods-QuarantineApp.release.xcconfig */,
				5FE8B587D03D97857D8FDC78 /* Pods-QuarantineApp-QuarantineAppUITests.debug.xcconfig */,
				D7147EC4EBA19A0C7E6A32B9 /* Pods-QuarantineApp-QuarantineAppUITests.release.xcconfig */,
				40D39FC0B2100AC966CA0CD6 /* Pods-QuarantineAppTests.debug.xcconfig */,
				24A7103EC4B655441D45D715 /* Pods-QuarantineAppTests.release.xcconfig */,
			);
			path = Pods;
			sourceTree = "<group>";
		};
/* End PBXGroup section */

/* Begin PBXNativeTarget section */
		2FA8A1B024582E7F00B1BF88 /* CommunityQuarantineAppUITests */ = {
			isa = PBXNativeTarget;
			buildConfigurationList = 2FA8A1BA24582E7F00B1BF88 /* Build configuration list for PBXNativeTarget "CommunityQuarantineAppUITests" */;
			buildPhases = (
				2FA8A1AD24582E7F00B1BF88 /* Sources */,
				2FA8A1AE24582E7F00B1BF88 /* Frameworks */,
				2FA8A1AF24582E7F00B1BF88 /* Resources */,
			);
			buildRules = (
			);
			dependencies = (
				2FA8A1B724582E7F00B1BF88 /* PBXTargetDependency */,
			);
			name = CommunityQuarantineAppUITests;
			productName = CommunityQuarantineAppUITests;
			productReference = 2FA8A1B124582E7F00B1BF88 /* CommunityQuarantineAppUITests.xctest */;
			productType = "com.apple.product-type.bundle.ui-testing";
		};
		2FEF1FA82445C96100E9D75D /* QuarantineApp */ = {
			isa = PBXNativeTarget;
			buildConfigurationList = 2FEF1FD62445C96300E9D75D /* Build configuration list for PBXNativeTarget "QuarantineApp" */;
			buildPhases = (
				DC6C450AF205A854C1918E11 /* [CP] Check Pods Manifest.lock */,
				2FEF1FA52445C96100E9D75D /* Sources */,
				2FEF1FA62445C96100E9D75D /* Frameworks */,
				2FEF1FA72445C96100E9D75D /* Resources */,
				EF8A0FACD03403E5FF9E1C69 /* [CP] Embed Pods Frameworks */,
			);
			buildRules = (
			);
			dependencies = (
			);
			name = QuarantineApp;
			productName = QuarantineApp;
			productReference = 2FEF1FA92445C96100E9D75D /* QuarantineApp.app */;
			productType = "com.apple.product-type.application";
		};
		2FEF1FC12445C96300E9D75D /* QuarantineAppTests */ = {
			isa = PBXNativeTarget;
			buildConfigurationList = 2FEF1FD92445C96300E9D75D /* Build configuration list for PBXNativeTarget "QuarantineAppTests" */;
			buildPhases = (
				1DAE0DA5E1C6DC84D1BD9A36 /* [CP] Check Pods Manifest.lock */,
				2FEF1FBE2445C96300E9D75D /* Sources */,
				2FEF1FBF2445C96300E9D75D /* Frameworks */,
				2FEF1FC02445C96300E9D75D /* Resources */,
			);
			buildRules = (
			);
			dependencies = (
				2FEF1FC42445C96300E9D75D /* PBXTargetDependency */,
			);
			name = QuarantineAppTests;
			productName = QuarantineAppTests;
			productReference = 2FEF1FC22445C96300E9D75D /* QuarantineAppTests.xctest */;
			productType = "com.apple.product-type.bundle.unit-test";
		};
		2FEF1FCC2445C96300E9D75D /* QuarantineAppUITests */ = {
			isa = PBXNativeTarget;
			buildConfigurationList = 2FEF1FDC2445C96300E9D75D /* Build configuration list for PBXNativeTarget "QuarantineAppUITests" */;
			buildPhases = (
				FD19786006B17C860AAFEF6E /* [CP] Check Pods Manifest.lock */,
				2FEF1FC92445C96300E9D75D /* Sources */,
				2FEF1FCA2445C96300E9D75D /* Frameworks */,
				2FEF1FCB2445C96300E9D75D /* Resources */,
				C504E5FE3BA6DE5ADBA36F0F /* [CP] Embed Pods Frameworks */,
			);
			buildRules = (
			);
			dependencies = (
				2FEF1FCF2445C96300E9D75D /* PBXTargetDependency */,
			);
			name = QuarantineAppUITests;
			productName = QuarantineAppUITests;
			productReference = 2FEF1FCD2445C96300E9D75D /* QuarantineAppUITests.xctest */;
			productType = "com.apple.product-type.bundle.ui-testing";
		};
/* End PBXNativeTarget section */

/* Begin PBXProject section */
		2FEF1FA12445C96100E9D75D /* Project object */ = {
			isa = PBXProject;
			attributes = {
				LastSwiftUpdateCheck = 1140;
				LastUpgradeCheck = 1140;
				ORGANIZATIONNAME = "Roope Vaarama";
				TargetAttributes = {
					2FA8A1B024582E7F00B1BF88 = {
						CreatedOnToolsVersion = 11.4.1;
						TestTargetID = 2FEF1FA82445C96100E9D75D;
					};
					2FEF1FA82445C96100E9D75D = {
						CreatedOnToolsVersion = 11.4;
					};
					2FEF1FC12445C96300E9D75D = {
						CreatedOnToolsVersion = 11.4;
						TestTargetID = 2FEF1FA82445C96100E9D75D;
					};
					2FEF1FCC2445C96300E9D75D = {
						CreatedOnToolsVersion = 11.4;
						TestTargetID = 2FEF1FA82445C96100E9D75D;
					};
				};
			};
			buildConfigurationList = 2FEF1FA42445C96100E9D75D /* Build configuration list for PBXProject "QuarantineApp" */;
			compatibilityVersion = "Xcode 9.3";
			developmentRegion = en;
			hasScannedForEncodings = 0;
			knownRegions = (
				en,
				Base,
				fi,
			);
			mainGroup = 2FEF1FA02445C96100E9D75D;
			productRefGroup = 2FEF1FAA2445C96100E9D75D /* Products */;
			projectDirPath = "";
			projectRoot = "";
			targets = (
				2FEF1FA82445C96100E9D75D /* QuarantineApp */,
				2FEF1FC12445C96300E9D75D /* QuarantineAppTests */,
				2FEF1FCC2445C96300E9D75D /* QuarantineAppUITests */,
				2FA8A1B024582E7F00B1BF88 /* CommunityQuarantineAppUITests */,
			);
		};
/* End PBXProject section */

/* Begin PBXResourcesBuildPhase section */
		2FA8A1AF24582E7F00B1BF88 /* Resources */ = {
			isa = PBXResourcesBuildPhase;
			buildActionMask = 2147483647;
			files = (
			);
			runOnlyForDeploymentPostprocessing = 0;
		};
		2FEF1FA72445C96100E9D75D /* Resources */ = {
			isa = PBXResourcesBuildPhase;
			buildActionMask = 2147483647;
			files = (
				6A13A5172449858E00EBC44B /* .gitignore in Resources */,
				2FEF1FE52445CC8200E9D75D /* Profile.storyboard in Resources */,
				6A1899512445E12A0038784B /* GoogleService-Info.plist in Resources */,
				2FEF1FE32445CC7900E9D75D /* CovidTracker.storyboard in Resources */,
				2FEF1FE12445CC6D00E9D75D /* Auth.storyboard in Resources */,
				6A13A4FE244712A100EBC44B /* Localizable.strings in Resources */,
				2FEF1FBC2445C96300E9D75D /* LaunchScreen.storyboard in Resources */,
				2FEF1FB92445C96300E9D75D /* Assets.xcassets in Resources */,
				2FF9BEAB244F0C040090195D /* Jokes.storyboard in Resources */,
				2FEF1FE72445CC8800E9D75D /* Community.storyboard in Resources */,
				2FEF1FB42445C96100E9D75D /* Main.storyboard in Resources */,
			);
			runOnlyForDeploymentPostprocessing = 0;
		};
		2FEF1FC02445C96300E9D75D /* Resources */ = {
			isa = PBXResourcesBuildPhase;
			buildActionMask = 2147483647;
			files = (
			);
			runOnlyForDeploymentPostprocessing = 0;
		};
		2FEF1FCB2445C96300E9D75D /* Resources */ = {
			isa = PBXResourcesBuildPhase;
			buildActionMask = 2147483647;
			files = (
			);
			runOnlyForDeploymentPostprocessing = 0;
		};
/* End PBXResourcesBuildPhase section */

/* Begin PBXShellScriptBuildPhase section */
		1DAE0DA5E1C6DC84D1BD9A36 /* [CP] Check Pods Manifest.lock */ = {
			isa = PBXShellScriptBuildPhase;
			buildActionMask = 2147483647;
			files = (
			);
			inputFileListPaths = (
			);
			inputPaths = (
				"${PODS_PODFILE_DIR_PATH}/Podfile.lock",
				"${PODS_ROOT}/Manifest.lock",
			);
			name = "[CP] Check Pods Manifest.lock";
			outputFileListPaths = (
			);
			outputPaths = (
				"$(DERIVED_FILE_DIR)/Pods-QuarantineAppTests-checkManifestLockResult.txt",
			);
			runOnlyForDeploymentPostprocessing = 0;
			shellPath = /bin/sh;
			shellScript = "diff \"${PODS_PODFILE_DIR_PATH}/Podfile.lock\" \"${PODS_ROOT}/Manifest.lock\" > /dev/null\nif [ $? != 0 ] ; then\n    # print error to STDERR\n    echo \"error: The sandbox is not in sync with the Podfile.lock. Run 'pod install' or update your CocoaPods installation.\" >&2\n    exit 1\nfi\n# This output is used by Xcode 'outputs' to avoid re-running this script phase.\necho \"SUCCESS\" > \"${SCRIPT_OUTPUT_FILE_0}\"\n";
			showEnvVarsInLog = 0;
		};
		C504E5FE3BA6DE5ADBA36F0F /* [CP] Embed Pods Frameworks */ = {
			isa = PBXShellScriptBuildPhase;
			buildActionMask = 2147483647;
			files = (
			);
			inputFileListPaths = (
				"${PODS_ROOT}/Target Support Files/Pods-QuarantineApp-QuarantineAppUITests/Pods-QuarantineApp-QuarantineAppUITests-frameworks-${CONFIGURATION}-input-files.xcfilelist",
			);
			name = "[CP] Embed Pods Frameworks";
			outputFileListPaths = (
				"${PODS_ROOT}/Target Support Files/Pods-QuarantineApp-QuarantineAppUITests/Pods-QuarantineApp-QuarantineAppUITests-frameworks-${CONFIGURATION}-output-files.xcfilelist",
			);
			runOnlyForDeploymentPostprocessing = 0;
			shellPath = /bin/sh;
			shellScript = "\"${PODS_ROOT}/Target Support Files/Pods-QuarantineApp-QuarantineAppUITests/Pods-QuarantineApp-QuarantineAppUITests-frameworks.sh\"\n";
			showEnvVarsInLog = 0;
		};
		DC6C450AF205A854C1918E11 /* [CP] Check Pods Manifest.lock */ = {
			isa = PBXShellScriptBuildPhase;
			buildActionMask = 2147483647;
			files = (
			);
			inputFileListPaths = (
			);
			inputPaths = (
				"${PODS_PODFILE_DIR_PATH}/Podfile.lock",
				"${PODS_ROOT}/Manifest.lock",
			);
			name = "[CP] Check Pods Manifest.lock";
			outputFileListPaths = (
			);
			outputPaths = (
				"$(DERIVED_FILE_DIR)/Pods-QuarantineApp-checkManifestLockResult.txt",
			);
			runOnlyForDeploymentPostprocessing = 0;
			shellPath = /bin/sh;
			shellScript = "diff \"${PODS_PODFILE_DIR_PATH}/Podfile.lock\" \"${PODS_ROOT}/Manifest.lock\" > /dev/null\nif [ $? != 0 ] ; then\n    # print error to STDERR\n    echo \"error: The sandbox is not in sync with the Podfile.lock. Run 'pod install' or update your CocoaPods installation.\" >&2\n    exit 1\nfi\n# This output is used by Xcode 'outputs' to avoid re-running this script phase.\necho \"SUCCESS\" > \"${SCRIPT_OUTPUT_FILE_0}\"\n";
			showEnvVarsInLog = 0;
		};
		EF8A0FACD03403E5FF9E1C69 /* [CP] Embed Pods Frameworks */ = {
			isa = PBXShellScriptBuildPhase;
			buildActionMask = 2147483647;
			files = (
			);
			inputFileListPaths = (
				"${PODS_ROOT}/Target Support Files/Pods-QuarantineApp/Pods-QuarantineApp-frameworks-${CONFIGURATION}-input-files.xcfilelist",
			);
			name = "[CP] Embed Pods Frameworks";
			outputFileListPaths = (
				"${PODS_ROOT}/Target Support Files/Pods-QuarantineApp/Pods-QuarantineApp-frameworks-${CONFIGURATION}-output-files.xcfilelist",
			);
			runOnlyForDeploymentPostprocessing = 0;
			shellPath = /bin/sh;
			shellScript = "\"${PODS_ROOT}/Target Support Files/Pods-QuarantineApp/Pods-QuarantineApp-frameworks.sh\"\n";
			showEnvVarsInLog = 0;
		};
		FD19786006B17C860AAFEF6E /* [CP] Check Pods Manifest.lock */ = {
			isa = PBXShellScriptBuildPhase;
			buildActionMask = 2147483647;
			files = (
			);
			inputFileListPaths = (
			);
			inputPaths = (
				"${PODS_PODFILE_DIR_PATH}/Podfile.lock",
				"${PODS_ROOT}/Manifest.lock",
			);
			name = "[CP] Check Pods Manifest.lock";
			outputFileListPaths = (
			);
			outputPaths = (
				"$(DERIVED_FILE_DIR)/Pods-QuarantineApp-QuarantineAppUITests-checkManifestLockResult.txt",
			);
			runOnlyForDeploymentPostprocessing = 0;
			shellPath = /bin/sh;
			shellScript = "diff \"${PODS_PODFILE_DIR_PATH}/Podfile.lock\" \"${PODS_ROOT}/Manifest.lock\" > /dev/null\nif [ $? != 0 ] ; then\n    # print error to STDERR\n    echo \"error: The sandbox is not in sync with the Podfile.lock. Run 'pod install' or update your CocoaPods installation.\" >&2\n    exit 1\nfi\n# This output is used by Xcode 'outputs' to avoid re-running this script phase.\necho \"SUCCESS\" > \"${SCRIPT_OUTPUT_FILE_0}\"\n";
			showEnvVarsInLog = 0;
		};
/* End PBXShellScriptBuildPhase section */

/* Begin PBXSourcesBuildPhase section */
		2FA8A1AD24582E7F00B1BF88 /* Sources */ = {
			isa = PBXSourcesBuildPhase;
			buildActionMask = 2147483647;
			files = (
			);
			runOnlyForDeploymentPostprocessing = 0;
		};
		2FEF1FA52445C96100E9D75D /* Sources */ = {
			isa = PBXSourcesBuildPhase;
			buildActionMask = 2147483647;
			files = (
				6A13A5272450464E00EBC44B /* NetflixInfo.swift in Sources */,
				6ACA8E072446068700B9339C /* CovidTrackerViewController.swift in Sources */,
				2FEF1FB12445C96100E9D75D /* HomeViewController.swift in Sources */,
				2FF9BEA9244F04F00090195D /* JokeInfo.swift in Sources */,
				2FEF1FAD2445C96100E9D75D /* AppDelegate.swift in Sources */,
				6ACDB3162450B5DF00B53BBE /* UserReview.swift in Sources */,
				6A13A51B2449C6E800EBC44B /* RegisterViewController.swift in Sources */,
				6A13A5192449C6DD00EBC44B /* LoginViewController.swift in Sources */,
				2FEF1FAF2445C96100E9D75D /* SceneDelegate.swift in Sources */,
				6A47BF5C2448C1F600233528 /* ReviewCategory.swift in Sources */,
				6A13A5062447163300EBC44B /* LocalizedUILabel.swift in Sources */,
				6ACDB3142450B5CD00B53BBE /* UserReviewsTableViewController.swift in Sources */,
				6A13A50824471BF700EBC44B /* MainTabViewController.swift in Sources */,
				2FF9BEAD244F0D520090195D /* JokesViewController.swift in Sources */,
				6A13A50E24487E0B00EBC44B /* LocalizedUISegmentedControl.swift in Sources */,
				6ACDB3122450B51900B53BBE /* UserReviewTableViewCell.swift in Sources */,
				6A3F98592450985300470B84 /* SteamAPI.swift in Sources */,
				6A47BF582448C0BA00233528 /* ReviewCategoryTableViewCell.swift in Sources */,
				6A13A5112448D53100EBC44B /* ItemTableViewCell.swift in Sources */,
				6A13A50A24471F0A00EBC44B /* SlideInTransition.swift in Sources */,
				6A47BF5A2448C1DC00233528 /* ReviewCategoryTableViewController.swift in Sources */,
				6A47BF602448CC4300233528 /* CommunityGroupTableViewController.swift in Sources */,
				6A189955244876570038784B /* CovidData.swift in Sources */,
				6A3F98572450427A00470B84 /* SteamData.swift in Sources */,
				6A13A5132448D56E00EBC44B /* TopItemTableViewCell.swift in Sources */,
				6A13A5252450440A00EBC44B /* NetflixAPI.swift in Sources */,
				2FF9BEA7244F04D40090195D /* JokeAPI.swift in Sources */,
				6ACA8E092446076B00B9339C /* ProfileViewController.swift in Sources */,
				6A189953244875EB0038784B /* CovidAPI.swift in Sources */,
				6AB111D02446038800B02BD8 /* CommunityViewController.swift in Sources */,
				2FEF1FB72445C96100E9D75D /* QuarantineApp.xcdatamodeld in Sources */,
				6ACDB3182451947200B53BBE /* CreateReviewViewController.swift in Sources */,
				6A47BF622448CC5500233528 /* CommunityGroup.swift in Sources */,
				6A13A4F9244706CB00EBC44B /* MenuViewController.swift in Sources */,
				6A47BF5E2448CBBE00233528 /* CommunityGroupTableViewCell.swift in Sources */,
			);
			runOnlyForDeploymentPostprocessing = 0;
		};
		2FEF1FBE2445C96300E9D75D /* Sources */ = {
			isa = PBXSourcesBuildPhase;
			buildActionMask = 2147483647;
			files = (
				2FEF1FC72445C96300E9D75D /* QuarantineAppTests.swift in Sources */,
				2FA8A1BD24583B2000B1BF88 /* JokesViewControllerTests.swift in Sources */,
			);
			runOnlyForDeploymentPostprocessing = 0;
		};
		2FEF1FC92445C96300E9D75D /* Sources */ = {
			isa = PBXSourcesBuildPhase;
			buildActionMask = 2147483647;
			files = (
				2FEF1FD22445C96300E9D75D /* QuarantineAppUITests.swift in Sources */,
			);
			runOnlyForDeploymentPostprocessing = 0;
		};
/* End PBXSourcesBuildPhase section */

/* Begin PBXTargetDependency section */
		2FA8A1B724582E7F00B1BF88 /* PBXTargetDependency */ = {
			isa = PBXTargetDependency;
			target = 2FEF1FA82445C96100E9D75D /* QuarantineApp */;
			targetProxy = 2FA8A1B624582E7F00B1BF88 /* PBXContainerItemProxy */;
		};
		2FEF1FC42445C96300E9D75D /* PBXTargetDependency */ = {
			isa = PBXTargetDependency;
			target = 2FEF1FA82445C96100E9D75D /* QuarantineApp */;
			targetProxy = 2FEF1FC32445C96300E9D75D /* PBXContainerItemProxy */;
		};
		2FEF1FCF2445C96300E9D75D /* PBXTargetDependency */ = {
			isa = PBXTargetDependency;
			target = 2FEF1FA82445C96100E9D75D /* QuarantineApp */;
			targetProxy = 2FEF1FCE2445C96300E9D75D /* PBXContainerItemProxy */;
		};
/* End PBXTargetDependency section */

/* Begin PBXVariantGroup section */
		2FEF1FB22445C96100E9D75D /* Main.storyboard */ = {
			isa = PBXVariantGroup;
			children = (
				2FEF1FB32445C96100E9D75D /* Base */,
				6A13A4FA24470FC100EBC44B /* fi */,
				6A13A50C24487CC600EBC44B /* en */,
			);
			name = Main.storyboard;
			sourceTree = "<group>";
		};
		2FEF1FBA2445C96300E9D75D /* LaunchScreen.storyboard */ = {
			isa = PBXVariantGroup;
			children = (
				2FEF1FBB2445C96300E9D75D /* Base */,
				6A13A4FB24470FC200EBC44B /* fi */,
			);
			name = LaunchScreen.storyboard;
			sourceTree = "<group>";
		};
		6A13A500244712A100EBC44B /* Localizable.strings */ = {
			isa = PBXVariantGroup;
			children = (
				6A13A4FF244712A100EBC44B /* fi */,
				6A13A501244712B800EBC44B /* en */,
			);
			name = Localizable.strings;
			sourceTree = "<group>";
		};
/* End PBXVariantGroup section */

/* Begin XCBuildConfiguration section */
		2FA8A1B824582E7F00B1BF88 /* Debug */ = {
			isa = XCBuildConfiguration;
			buildSettings = {
				CODE_SIGN_STYLE = Automatic;
				INFOPLIST_FILE = CommunityQuarantineAppUITests/Info.plist;
				IPHONEOS_DEPLOYMENT_TARGET = 13.2;
				LD_RUNPATH_SEARCH_PATHS = (
					"$(inherited)",
					"@executable_path/Frameworks",
					"@loader_path/Frameworks",
				);
				PRODUCT_BUNDLE_IDENTIFIER = fi.metropolia.roopeva.CommunityQuarantineAppUITests;
				PRODUCT_NAME = "$(TARGET_NAME)";
				SWIFT_VERSION = 5.0;
				TARGETED_DEVICE_FAMILY = "1,2";
				TEST_TARGET_NAME = QuarantineApp;
			};
			name = Debug;
		};
		2FA8A1B924582E7F00B1BF88 /* Release */ = {
			isa = XCBuildConfiguration;
			buildSettings = {
				CODE_SIGN_STYLE = Automatic;
				INFOPLIST_FILE = CommunityQuarantineAppUITests/Info.plist;
				IPHONEOS_DEPLOYMENT_TARGET = 13.2;
				LD_RUNPATH_SEARCH_PATHS = (
					"$(inherited)",
					"@executable_path/Frameworks",
					"@loader_path/Frameworks",
				);
				PRODUCT_BUNDLE_IDENTIFIER = fi.metropolia.roopeva.CommunityQuarantineAppUITests;
				PRODUCT_NAME = "$(TARGET_NAME)";
				SWIFT_VERSION = 5.0;
				TARGETED_DEVICE_FAMILY = "1,2";
				TEST_TARGET_NAME = QuarantineApp;
			};
			name = Release;
		};
		2FEF1FD42445C96300E9D75D /* Debug */ = {
			isa = XCBuildConfiguration;
			buildSettings = {
				ALWAYS_SEARCH_USER_PATHS = NO;
				CLANG_ANALYZER_LOCALIZABILITY_NONLOCALIZED = YES;
				CLANG_ANALYZER_NONNULL = YES;
				CLANG_ANALYZER_NUMBER_OBJECT_CONVERSION = YES_AGGRESSIVE;
				CLANG_CXX_LANGUAGE_STANDARD = "gnu++14";
				CLANG_CXX_LIBRARY = "libc++";
				CLANG_ENABLE_MODULES = YES;
				CLANG_ENABLE_OBJC_ARC = YES;
				CLANG_ENABLE_OBJC_WEAK = YES;
				CLANG_WARN_BLOCK_CAPTURE_AUTORELEASING = YES;
				CLANG_WARN_BOOL_CONVERSION = YES;
				CLANG_WARN_COMMA = YES;
				CLANG_WARN_CONSTANT_CONVERSION = YES;
				CLANG_WARN_DEPRECATED_OBJC_IMPLEMENTATIONS = YES;
				CLANG_WARN_DIRECT_OBJC_ISA_USAGE = YES_ERROR;
				CLANG_WARN_DOCUMENTATION_COMMENTS = YES;
				CLANG_WARN_EMPTY_BODY = YES;
				CLANG_WARN_ENUM_CONVERSION = YES;
				CLANG_WARN_INFINITE_RECURSION = YES;
				CLANG_WARN_INT_CONVERSION = YES;
				CLANG_WARN_NON_LITERAL_NULL_CONVERSION = YES;
				CLANG_WARN_OBJC_IMPLICIT_RETAIN_SELF = YES;
				CLANG_WARN_OBJC_LITERAL_CONVERSION = YES;
				CLANG_WARN_OBJC_ROOT_CLASS = YES_ERROR;
				CLANG_WARN_RANGE_LOOP_ANALYSIS = YES;
				CLANG_WARN_STRICT_PROTOTYPES = YES;
				CLANG_WARN_SUSPICIOUS_MOVE = YES;
				CLANG_WARN_UNGUARDED_AVAILABILITY = YES_AGGRESSIVE;
				CLANG_WARN_UNREACHABLE_CODE = YES;
				CLANG_WARN__DUPLICATE_METHOD_MATCH = YES;
				COPY_PHASE_STRIP = NO;
				DEBUG_INFORMATION_FORMAT = dwarf;
				ENABLE_STRICT_OBJC_MSGSEND = YES;
				ENABLE_TESTABILITY = YES;
				GCC_C_LANGUAGE_STANDARD = gnu11;
				GCC_DYNAMIC_NO_PIC = NO;
				GCC_NO_COMMON_BLOCKS = YES;
				GCC_OPTIMIZATION_LEVEL = 0;
				GCC_PREPROCESSOR_DEFINITIONS = (
					"DEBUG=1",
					"$(inherited)",
				);
				GCC_WARN_64_TO_32_BIT_CONVERSION = YES;
				GCC_WARN_ABOUT_RETURN_TYPE = YES_ERROR;
				GCC_WARN_UNDECLARED_SELECTOR = YES;
				GCC_WARN_UNINITIALIZED_AUTOS = YES_AGGRESSIVE;
				GCC_WARN_UNUSED_FUNCTION = YES;
				GCC_WARN_UNUSED_VARIABLE = YES;
				IPHONEOS_DEPLOYMENT_TARGET = 13.2;
				MTL_ENABLE_DEBUG_INFO = INCLUDE_SOURCE;
				MTL_FAST_MATH = YES;
				ONLY_ACTIVE_ARCH = YES;
				SDKROOT = iphoneos;
				SWIFT_ACTIVE_COMPILATION_CONDITIONS = DEBUG;
				SWIFT_OPTIMIZATION_LEVEL = "-Onone";
			};
			name = Debug;
		};
		2FEF1FD52445C96300E9D75D /* Release */ = {
			isa = XCBuildConfiguration;
			buildSettings = {
				ALWAYS_SEARCH_USER_PATHS = NO;
				CLANG_ANALYZER_LOCALIZABILITY_NONLOCALIZED = YES;
				CLANG_ANALYZER_NONNULL = YES;
				CLANG_ANALYZER_NUMBER_OBJECT_CONVERSION = YES_AGGRESSIVE;
				CLANG_CXX_LANGUAGE_STANDARD = "gnu++14";
				CLANG_CXX_LIBRARY = "libc++";
				CLANG_ENABLE_MODULES = YES;
				CLANG_ENABLE_OBJC_ARC = YES;
				CLANG_ENABLE_OBJC_WEAK = YES;
				CLANG_WARN_BLOCK_CAPTURE_AUTORELEASING = YES;
				CLANG_WARN_BOOL_CONVERSION = YES;
				CLANG_WARN_COMMA = YES;
				CLANG_WARN_CONSTANT_CONVERSION = YES;
				CLANG_WARN_DEPRECATED_OBJC_IMPLEMENTATIONS = YES;
				CLANG_WARN_DIRECT_OBJC_ISA_USAGE = YES_ERROR;
				CLANG_WARN_DOCUMENTATION_COMMENTS = YES;
				CLANG_WARN_EMPTY_BODY = YES;
				CLANG_WARN_ENUM_CONVERSION = YES;
				CLANG_WARN_INFINITE_RECURSION = YES;
				CLANG_WARN_INT_CONVERSION = YES;
				CLANG_WARN_NON_LITERAL_NULL_CONVERSION = YES;
				CLANG_WARN_OBJC_IMPLICIT_RETAIN_SELF = YES;
				CLANG_WARN_OBJC_LITERAL_CONVERSION = YES;
				CLANG_WARN_OBJC_ROOT_CLASS = YES_ERROR;
				CLANG_WARN_RANGE_LOOP_ANALYSIS = YES;
				CLANG_WARN_STRICT_PROTOTYPES = YES;
				CLANG_WARN_SUSPICIOUS_MOVE = YES;
				CLANG_WARN_UNGUARDED_AVAILABILITY = YES_AGGRESSIVE;
				CLANG_WARN_UNREACHABLE_CODE = YES;
				CLANG_WARN__DUPLICATE_METHOD_MATCH = YES;
				COPY_PHASE_STRIP = NO;
				DEBUG_INFORMATION_FORMAT = "dwarf-with-dsym";
				ENABLE_NS_ASSERTIONS = NO;
				ENABLE_STRICT_OBJC_MSGSEND = YES;
				GCC_C_LANGUAGE_STANDARD = gnu11;
				GCC_NO_COMMON_BLOCKS = YES;
				GCC_WARN_64_TO_32_BIT_CONVERSION = YES;
				GCC_WARN_ABOUT_RETURN_TYPE = YES_ERROR;
				GCC_WARN_UNDECLARED_SELECTOR = YES;
				GCC_WARN_UNINITIALIZED_AUTOS = YES_AGGRESSIVE;
				GCC_WARN_UNUSED_FUNCTION = YES;
				GCC_WARN_UNUSED_VARIABLE = YES;
				IPHONEOS_DEPLOYMENT_TARGET = 13.2;
				MTL_ENABLE_DEBUG_INFO = NO;
				MTL_FAST_MATH = YES;
				SDKROOT = iphoneos;
				SWIFT_COMPILATION_MODE = wholemodule;
				SWIFT_OPTIMIZATION_LEVEL = "-O";
				VALIDATE_PRODUCT = YES;
			};
			name = Release;
		};
		2FEF1FD72445C96300E9D75D /* Debug */ = {
			isa = XCBuildConfiguration;
			baseConfigurationReference = 0C75F4C655857B18E7F9E2B3 /* Pods-QuarantineApp.debug.xcconfig */;
			buildSettings = {
				ASSETCATALOG_COMPILER_APPICON_NAME = AppIcon;
				CODE_SIGN_IDENTITY = "Apple Development";
				CODE_SIGN_STYLE = Automatic;
				DEVELOPMENT_TEAM = L22R5D69F4;
				INFOPLIST_FILE = QuarantineApp/Info.plist;
				IPHONEOS_DEPLOYMENT_TARGET = 13.2;
				LD_RUNPATH_SEARCH_PATHS = (
					"$(inherited)",
					"@executable_path/Frameworks",
				);
				PRODUCT_BUNDLE_IDENTIFIER = fi.metropolia.roopeva.QuarantineApp;
				PRODUCT_NAME = "$(TARGET_NAME)";
				PROVISIONING_PROFILE_SPECIFIER = "";
				SWIFT_VERSION = 5.0;
				TARGETED_DEVICE_FAMILY = "1,2";
			};
			name = Debug;
		};
		2FEF1FD82445C96300E9D75D /* Release */ = {
			isa = XCBuildConfiguration;
			baseConfigurationReference = 635A1F7B5C71E5CA072E9E15 /* Pods-QuarantineApp.release.xcconfig */;
			buildSettings = {
				ASSETCATALOG_COMPILER_APPICON_NAME = AppIcon;
				CODE_SIGN_IDENTITY = "Apple Development";
				CODE_SIGN_STYLE = Automatic;
				DEVELOPMENT_TEAM = L22R5D69F4;
				INFOPLIST_FILE = QuarantineApp/Info.plist;
				IPHONEOS_DEPLOYMENT_TARGET = 13.2;
				LD_RUNPATH_SEARCH_PATHS = (
					"$(inherited)",
					"@executable_path/Frameworks",
				);
				PRODUCT_BUNDLE_IDENTIFIER = fi.metropolia.roopeva.QuarantineApp;
				PRODUCT_NAME = "$(TARGET_NAME)";
				PROVISIONING_PROFILE_SPECIFIER = "";
				SWIFT_VERSION = 5.0;
				TARGETED_DEVICE_FAMILY = "1,2";
			};
			name = Release;
		};
		2FEF1FDA2445C96300E9D75D /* Debug */ = {
			isa = XCBuildConfiguration;
			baseConfigurationReference = 40D39FC0B2100AC966CA0CD6 /* Pods-QuarantineAppTests.debug.xcconfig */;
			buildSettings = {
				ALWAYS_EMBED_SWIFT_STANDARD_LIBRARIES = YES;
				BUNDLE_LOADER = "$(TEST_HOST)";
				CODE_SIGN_STYLE = Automatic;
				INFOPLIST_FILE = QuarantineAppTests/Info.plist;
				IPHONEOS_DEPLOYMENT_TARGET = 13.2;
				LD_RUNPATH_SEARCH_PATHS = (
					"$(inherited)",
					"@executable_path/Frameworks",
					"@loader_path/Frameworks",
				);
				PRODUCT_BUNDLE_IDENTIFIER = fi.metropolia.roopeva.QuarantineAppTests;
				PRODUCT_NAME = "$(TARGET_NAME)";
				SWIFT_VERSION = 5.0;
				TARGETED_DEVICE_FAMILY = "1,2";
				TEST_HOST = "$(BUILT_PRODUCTS_DIR)/QuarantineApp.app/QuarantineApp";
			};
			name = Debug;
		};
		2FEF1FDB2445C96300E9D75D /* Release */ = {
			isa = XCBuildConfiguration;
			baseConfigurationReference = 24A7103EC4B655441D45D715 /* Pods-QuarantineAppTests.release.xcconfig */;
			buildSettings = {
				ALWAYS_EMBED_SWIFT_STANDARD_LIBRARIES = YES;
				BUNDLE_LOADER = "$(TEST_HOST)";
				CODE_SIGN_STYLE = Automatic;
				INFOPLIST_FILE = QuarantineAppTests/Info.plist;
				IPHONEOS_DEPLOYMENT_TARGET = 13.2;
				LD_RUNPATH_SEARCH_PATHS = (
					"$(inherited)",
					"@executable_path/Frameworks",
					"@loader_path/Frameworks",
				);
				PRODUCT_BUNDLE_IDENTIFIER = fi.metropolia.roopeva.QuarantineAppTests;
				PRODUCT_NAME = "$(TARGET_NAME)";
				SWIFT_VERSION = 5.0;
				TARGETED_DEVICE_FAMILY = "1,2";
				TEST_HOST = "$(BUILT_PRODUCTS_DIR)/QuarantineApp.app/QuarantineApp";
			};
			name = Release;
		};
		2FEF1FDD2445C96300E9D75D /* Debug */ = {
			isa = XCBuildConfiguration;
			baseConfigurationReference = 5FE8B587D03D97857D8FDC78 /* Pods-QuarantineApp-QuarantineAppUITests.debug.xcconfig */;
			buildSettings = {
				ALWAYS_EMBED_SWIFT_STANDARD_LIBRARIES = YES;
				CODE_SIGN_STYLE = Automatic;
				INFOPLIST_FILE = QuarantineAppUITests/Info.plist;
				LD_RUNPATH_SEARCH_PATHS = (
					"$(inherited)",
					"@executable_path/Frameworks",
					"@loader_path/Frameworks",
				);
				PRODUCT_BUNDLE_IDENTIFIER = fi.metropolia.roopeva.QuarantineAppUITests;
				PRODUCT_NAME = "$(TARGET_NAME)";
				SWIFT_VERSION = 5.0;
				TARGETED_DEVICE_FAMILY = "1,2";
				TEST_TARGET_NAME = QuarantineApp;
			};
			name = Debug;
		};
		2FEF1FDE2445C96300E9D75D /* Release */ = {
			isa = XCBuildConfiguration;
			baseConfigurationReference = D7147EC4EBA19A0C7E6A32B9 /* Pods-QuarantineApp-QuarantineAppUITests.release.xcconfig */;
			buildSettings = {
				ALWAYS_EMBED_SWIFT_STANDARD_LIBRARIES = YES;
				CODE_SIGN_STYLE = Automatic;
				INFOPLIST_FILE = QuarantineAppUITests/Info.plist;
				LD_RUNPATH_SEARCH_PATHS = (
					"$(inherited)",
					"@executable_path/Frameworks",
					"@loader_path/Frameworks",
				);
				PRODUCT_BUNDLE_IDENTIFIER = fi.metropolia.roopeva.QuarantineAppUITests;
				PRODUCT_NAME = "$(TARGET_NAME)";
				SWIFT_VERSION = 5.0;
				TARGETED_DEVICE_FAMILY = "1,2";
				TEST_TARGET_NAME = QuarantineApp;
			};
			name = Release;
		};
/* End XCBuildConfiguration section */

/* Begin XCConfigurationList section */
		2FA8A1BA24582E7F00B1BF88 /* Build configuration list for PBXNativeTarget "CommunityQuarantineAppUITests" */ = {
			isa = XCConfigurationList;
			buildConfigurations = (
				2FA8A1B824582E7F00B1BF88 /* Debug */,
				2FA8A1B924582E7F00B1BF88 /* Release */,
			);
			defaultConfigurationIsVisible = 0;
			defaultConfigurationName = Release;
		};
		2FEF1FA42445C96100E9D75D /* Build configuration list for PBXProject "QuarantineApp" */ = {
			isa = XCConfigurationList;
			buildConfigurations = (
				2FEF1FD42445C96300E9D75D /* Debug */,
				2FEF1FD52445C96300E9D75D /* Release */,
			);
			defaultConfigurationIsVisible = 0;
			defaultConfigurationName = Release;
		};
		2FEF1FD62445C96300E9D75D /* Build configuration list for PBXNativeTarget "QuarantineApp" */ = {
			isa = XCConfigurationList;
			buildConfigurations = (
				2FEF1FD72445C96300E9D75D /* Debug */,
				2FEF1FD82445C96300E9D75D /* Release */,
			);
			defaultConfigurationIsVisible = 0;
			defaultConfigurationName = Release;
		};
		2FEF1FD92445C96300E9D75D /* Build configuration list for PBXNativeTarget "QuarantineAppTests" */ = {
			isa = XCConfigurationList;
			buildConfigurations = (
				2FEF1FDA2445C96300E9D75D /* Debug */,
				2FEF1FDB2445C96300E9D75D /* Release */,
			);
			defaultConfigurationIsVisible = 0;
			defaultConfigurationName = Release;
		};
		2FEF1FDC2445C96300E9D75D /* Build configuration list for PBXNativeTarget "QuarantineAppUITests" */ = {
			isa = XCConfigurationList;
			buildConfigurations = (
				2FEF1FDD2445C96300E9D75D /* Debug */,
				2FEF1FDE2445C96300E9D75D /* Release */,
			);
			defaultConfigurationIsVisible = 0;
			defaultConfigurationName = Release;
		};
/* End XCConfigurationList section */

/* Begin XCVersionGroup section */
		2FEF1FB52445C96100E9D75D /* QuarantineApp.xcdatamodeld */ = {
			isa = XCVersionGroup;
			children = (
				2FEF1FB62445C96100E9D75D /* QuarantineApp.xcdatamodel */,
			);
			currentVersion = 2FEF1FB62445C96100E9D75D /* QuarantineApp.xcdatamodel */;
			path = QuarantineApp.xcdatamodeld;
			sourceTree = "<group>";
			versionGroupType = wrapper.xcdatamodel;
		};
/* End XCVersionGroup section */
	};
	rootObject = 2FEF1FA12445C96100E9D75D /* Project object */;
}
